# generated by rye
# use `rye lock` or `rye sync` to update this lockfile
#
# last locked with the following flags:
#   pre: false
#   features: []
#   all-features: false
#   with-sources: false
#   generate-hashes: false
#   universal: false

-e file:.
blinker==1.9.0
    # via flask
certifi==2024.8.30
    # via requests
charset-normalizer==3.4.0
    # via requests
click==8.1.7
    # via flask
dash==2.18.2
    # via certitude
    # via dash-bootstrap-components
dash-bootstrap-components==1.6.0
    # via certitude
dash-core-components==2.0.0
    # via dash
dash-html-components==2.0.0
    # via dash
dash-table==5.0.0
    # via dash
exceptiongroup==1.2.2
    # via pytest
flask==3.0.3
    # via dash
idna==3.10
    # via requests
importlib-metadata==8.5.0
    # via dash
iniconfig==2.0.0
    # via pytest
itsdangerous==2.2.0
    # via flask
jinja2==3.1.4
    # via flask
markupsafe==3.0.2
    # via jinja2
    # via werkzeug
nest-asyncio==1.6.0
    # via dash
numpy==2.1.3
    # via certitude
    # via pandas
packaging==24.2
    # via plotly
    # via pytest
pandas==2.2.3
    # via certitude
plotly==5.24.1
    # via dash
pluggy==1.5.0
    # via pytest
pytest==8.3.3
    # via certitude
python-dateutil==2.9.0.post0
    # via pandas
pytz==2024.2
    # via pandas
requests==2.32.3
    # via dash
retrying==1.3.4
    # via dash
setuptools==75.6.0
    # via dash
six==1.16.0
    # via python-dateutil
    # via retrying
tenacity==9.0.0
    # via plotly
tomli==2.2.1
    # via pytest
typing-extensions==4.12.2
    # via dash
tzdata==2024.2
    # via pandas
urllib3==2.2.3
    # via requests
werkzeug==3.0.6
    # via dash
    # via flask
zipp==3.21.0
    # via importlib-metadata
